
Microsoft Visual Studio Solution File, Format Version 12.00
# Visual Studio Version 17
VisualStudioVersion = 17.9.34607.119
MinimumVisualStudioVersion = 10.0.40219.1
Project("{9A19103F-16F7-4668-BE54-9A1E7A4F7556}") = "Workout", "Workout.csproj", "{01730792-8DE8-4248-800A-A3BC7D627661}"
EndProject
Global
	GlobalSection(SolutionConfigurationPlatforms) = preSolution
		Debug|Any CPU = Debug|Any CPU
		Release|Any CPU = Release|Any CPU
	EndGlobalSection
	GlobalSection(ProjectConfigurationPlatforms) = postSolution
		{01730792-8DE8-4248-800A-A3BC7D627661}.Debug|Any CPU.ActiveCfg = Debug|Any CPU
		{01730792-8DE8-4248-800A-A3BC7D627661}.Debug|Any CPU.Build.0 = Debug|Any CPU
		{01730792-8DE8-4248-800A-A3BC7D627661}.Release|Any CPU.ActiveCfg = Release|Any CPU
		{01730792-8DE8-4248-800A-A3BC7D627661}.Release|Any CPU.Build.0 = Release|Any CPU
	EndGlobalSection
	GlobalSection(SolutionProperties) = preSolution
		HideSolutionNode = FALSE
	EndGlobalSection
	GlobalSection(ExtensibilityGlobals) = postSolution
		SolutionGuid = {E0221DE7-4E6C-4CF0-BE15-9B696BA67057}
	EndGlobalSection
EndGlobal
